// !$*UTF8*$!
{
	archiveVersion = 1;
	classes = {
	};
	objectVersion = 50;
	objects = {

/* Begin PBXBuildFile section */
		9CE49A52229F6B9400F733D7 /* AppDelegate.swift in Sources */ = {isa = PBXBuildFile; fileRef = 9CE49A51229F6B9400F733D7 /* AppDelegate.swift */; };
		9CE49A57229F6B9400F733D7 /* Main.storyboard in Resources */ = {isa = PBXBuildFile; fileRef = 9CE49A55229F6B9400F733D7 /* Main.storyboard */; };
		9CE49A59229F6B9400F733D7 /* Assets.xcassets in Resources */ = {isa = PBXBuildFile; fileRef = 9CE49A58229F6B9400F733D7 /* Assets.xcassets */; };
		9CE49A5C229F6B9400F733D7 /* LaunchScreen.storyboard in Resources */ = {isa = PBXBuildFile; fileRef = 9CE49A5A229F6B9400F733D7 /* LaunchScreen.storyboard */; };
		9CE49A6A229F6BC800F733D7 /* StarterKit.framework in Frameworks */ = {isa = PBXBuildFile; fileRef = 9CE49A69229F6BC800F733D7 /* StarterKit.framework */; };
		9CE49A6B229F6BC800F733D7 /* StarterKit.framework in Embed Frameworks */ = {isa = PBXBuildFile; fileRef = 9CE49A69229F6BC800F733D7 /* StarterKit.framework */; settings = {ATTRIBUTES = (CodeSignOnCopy, RemoveHeadersOnCopy, ); }; };
		9CE49A70229F6BD400F733D7 /* CloudKit.framework in Frameworks */ = {isa = PBXBuildFile; fileRef = 9CE49A6F229F6BD400F733D7 /* CloudKit.framework */; };
/* End PBXBuildFile section */

/* Begin PBXCopyFilesBuildPhase section */
		9CE49A6C229F6BC800F733D7 /* Embed Frameworks */ = {
			isa = PBXCopyFilesBuildPhase;
			buildActionMask = 2147483647;
			dstPath = "";
			dstSubfolderSpec = 10;
			files = (
				9CE49A6B229F6BC800F733D7 /* StarterKit.framework in Embed Frameworks */,
			);
			name = "Embed Frameworks";
			runOnlyForDeploymentPostprocessing = 0;
		};
/* End PBXCopyFilesBuildPhase section */

/* Begin PBXFileReference section */
		9CE49A4E229F6B9400F733D7 /* Sourdo.app */ = {isa = PBXFileReference; explicitFileType = wrapper.application; includeInIndex = 0; path = Sourdo.app; sourceTree = BUILT_PRODUCTS_DIR; };
		9CE49A51229F6B9400F733D7 /* AppDelegate.swift */ = {isa = PBXFileReference; lastKnownFileType = sourcecode.swift; path = AppDelegate.swift; sourceTree = "<group>"; };
		9CE49A56229F6B9400F733D7 /* Base */ = {isa = PBXFileReference; lastKnownFileType = file.storyboard; name = Base; path = Base.lproj/Main.storyboard; sourceTree = "<group>"; };
		9CE49A58229F6B9400F733D7 /* Assets.xcassets */ = {isa = PBXFileReference; lastKnownFileType = folder.assetcatalog; path = Assets.xcassets; sourceTree = "<group>"; };
		9CE49A5B229F6B9400F733D7 /* Base */ = {isa = PBXFileReference; lastKnownFileType = file.storyboard; name = Base; path = Base.lproj/LaunchScreen.storyboard; sourceTree = "<group>"; };
		9CE49A5D229F6B9400F733D7 /* Info.plist */ = {isa = PBXFileReference; lastKnownFileType = text.plist.xml; path = Info.plist; sourceTree = "<group>"; };
		9CE49A69229F6BC800F733D7 /* StarterKit.framework */ = {isa = PBXFileReference; explicitFileType = wrapper.framework; path = StarterKit.framework; sourceTree = BUILT_PRODUCTS_DIR; };
		9CE49A6D229F6BCF00F733D7 /* Sourdo.entitlements */ = {isa = PBXFileReference; lastKnownFileType = text.plist.entitlements; path = Sourdo.entitlements; sourceTree = "<group>"; };
		9CE49A6F229F6BD400F733D7 /* CloudKit.framework */ = {isa = PBXFileReference; lastKnownFileType = wrapper.framework; name = CloudKit.framework; path = System/Library/Frameworks/CloudKit.framework; sourceTree = SDKROOT; };
/* End PBXFileReference section */

/* Begin PBXFrameworksBuildPhase section */
		9CE49A4B229F6B9400F733D7 /* Frameworks */ = {
			isa = PBXFrameworksBuildPhase;
			buildActionMask = 2147483647;
			files = (
				9CE49A6A229F6BC800F733D7 /* StarterKit.framework in Frameworks */,
				9CE49A70229F6BD400F733D7 /* CloudKit.framework in Frameworks */,
			);
			runOnlyForDeploymentPostprocessing = 0;
		};
/* End PBXFrameworksBuildPhase section */

/* Begin PBXGroup section */
		9CE49A45229F6B9400F733D7 = {
			isa = PBXGroup;
			children = (
				9CE49A69229F6BC800F733D7 /* StarterKit.framework */,
				9CE49A50229F6B9400F733D7 /* Sourdo */,
				9CE49A4F229F6B9400F733D7 /* Products */,
				9CE49A6E229F6BD400F733D7 /* Frameworks */,
			);
			sourceTree = "<group>";
		};
		9CE49A4F229F6B9400F733D7 /* Products */ = {
			isa = PBXGroup;
			children = (
				9CE49A4E229F6B9400F733D7 /* Sourdo.app */,
			);
			name = Products;
			sourceTree = "<group>";
		};
		9CE49A50229F6B9400F733D7 /* Sourdo */ = {
			isa = PBXGroup;
			children = (
				9CE49A6D229F6BCF00F733D7 /* Sourdo.entitlements */,
				9CE49A51229F6B9400F733D7 /* AppDelegate.swift */,
				9CE49A55229F6B9400F733D7 /* Main.storyboard */,
				9CE49A58229F6B9400F733D7 /* Assets.xcassets */,
				9CE49A5A229F6B9400F733D7 /* LaunchScreen.storyboard */,
				9CE49A5D229F6B9400F733D7 /* Info.plist */,
			);
			path = Sourdo;
			sourceTree = "<group>";
		};
		9CE49A6E229F6BD400F733D7 /* Frameworks */ = {
			isa = PBXGroup;
			children = (
				9CE49A6F229F6BD400F733D7 /* CloudKit.framework */,
			);
			name = Frameworks;
			sourceTree = "<group>";
		};
/* End PBXGroup section */

/* Begin PBXNativeTarget section */
		9CE49A4D229F6B9400F733D7 /* Sourdo */ = {
			isa = PBXNativeTarget;
			buildConfigurationList = 9CE49A60229F6B9400F733D7 /* Build configuration list for PBXNativeTarget "Sourdo" */;
			buildPhases = (
				9CE49A4A229F6B9400F733D7 /* Sources */,
				9CE49A4B229F6B9400F733D7 /* Frameworks */,
				9CE49A4C229F6B9400F733D7 /* Resources */,
				9CE49A6C229F6BC800F733D7 /* Embed Frameworks */,
			);
			buildRules = (
			);
			dependencies = (
			);
			name = Sourdo;
			productName = Sourdo;
			productReference = 9CE49A4E229F6B9400F733D7 /* Sourdo.app */;
			productType = "com.apple.product-type.application";
		};
/* End PBXNativeTarget section */

/* Begin PBXProject section */
		9CE49A46229F6B9400F733D7 /* Project object */ = {
			isa = PBXProject;
			attributes = {
				LastSwiftUpdateCheck = 1020;
				LastUpgradeCheck = 1020;
				ORGANIZATIONNAME = "Stephen Ciauri";
				TargetAttributes = {
					9CE49A4D229F6B9400F733D7 = {
						CreatedOnToolsVersion = 10.2.1;
						SystemCapabilities = {
							com.apple.Push = {
								enabled = 1;
							};
							com.apple.iCloud = {
								enabled = 1;
							};
						};
					};
				};
			};
			buildConfigurationList = 9CE49A49229F6B9400F733D7 /* Build configuration list for PBXProject "Sourdo" */;
			compatibilityVersion = "Xcode 9.3";
			developmentRegion = en;
			hasScannedForEncodings = 0;
			knownRegions = (
				en,
				Base,
			);
			mainGroup = 9CE49A45229F6B9400F733D7;
			productRefGroup = 9CE49A4F229F6B9400F733D7 /* Products */;
			projectDirPath = "";
			projectRoot = "";
			targets = (
				9CE49A4D229F6B9400F733D7 /* Sourdo */,
			);
		};
/* End PBXProject section */

/* Begin PBXResourcesBuildPhase section */
		9CE49A4C229F6B9400F733D7 /* Resources */ = {
			isa = PBXResourcesBuildPhase;
			buildActionMask = 2147483647;
			files = (
				9CE49A5C229F6B9400F733D7 /* LaunchScreen.storyboard in Resources */,
				9CE49A59229F6B9400F733D7 /* Assets.xcassets in Resources */,
				9CE49A57229F6B9400F733D7 /* Main.storyboard in Resources */,
			);
			runOnlyForDeploymentPostprocessing = 0;
		};
/* End PBXResourcesBuildPhase section */

/* Begin PBXSourcesBuildPhase section */
		9CE49A4A229F6B9400F733D7 /* Sources */ = {
			isa = PBXSourcesBuildPhase;
			buildActionMask = 2147483647;
			files = (
				9CE49A52229F6B9400F733D7 /* AppDelegate.swift in Sources */,
			);
			runOnlyForDeploymentPostprocessing = 0;
		};
/* End PBXSourcesBuildPhase section */

/* Begin PBXVariantGroup section */
		9CE49A55229F6B9400F733D7 /* Main.storyboard */ = {
			isa = PBXVariantGroup;
			children = (
				9CE49A56229F6B9400F733D7 /* Base */,
			);
			name = Main.storyboard;
			sourceTree = "<group>";
		};
		9CE49A5A229F6B9400F733D7 /* LaunchScreen.storyboard */ = {
			isa = PBXVariantGroup;
			children = (
				9CE49A5B229F6B9400F733D7 /* Base */,
			);
			name = LaunchScreen.storyboard;
			sourceTree = "<group>";
		};
/* End PBXVariantGroup section */

/* Begin XCBuildConfiguration section */
		9CE49A5E229F6B9400F733D7 /* Debug */ = {
			isa = XCBuildConfiguration;
			buildSettings = {
				ALWAYS_SEARCH_USER_PATHS = NO;
				CLANG_ANALYZER_NONNULL = YES;
				CLANG_ANALYZER_NUMBER_OBJECT_CONVERSION = YES_AGGRESSIVE;
				CLANG_CXX_LANGUAGE_STANDARD = "gnu++14";
				CLANG_CXX_LIBRARY = "libc++";
				CLANG_ENABLE_MODULES = YES;
				CLANG_ENABLE_OBJC_ARC = YES;
				CLANG_ENABLE_OBJC_WEAK = YES;
				CLANG_WARN_BLOCK_CAPTURE_AUTORELEASING = YES;
				CLANG_WARN_BOOL_CONVERSION = YES;
				CLANG_WARN_COMMA = YES;
				CLANG_WARN_CONSTANT_CONVERSION = YES;
				CLANG_WARN_DEPRECATED_OBJC_IMPLEMENTATIONS = YES;
				CLANG_WARN_DIRECT_OBJC_ISA_USAGE = YES_ERROR;
				CLANG_WARN_DOCUMENTATION_COMMENTS = YES;
				CLANG_WARN_EMPTY_BODY = YES;
				CLANG_WARN_ENUM_CONVERSION = YES;
				CLANG_WARN_INFINITE_RECURSION = YES;
				CLANG_WARN_INT_CONVERSION = YES;
				CLANG_WARN_NON_LITERAL_NULL_CONVERSION = YES;
				CLANG_WARN_OBJC_IMPLICIT_RETAIN_SELF = YES;
				CLANG_WARN_OBJC_LITERAL_CONVERSION = YES;
				CLANG_WARN_OBJC_ROOT_CLASS = YES_ERROR;
				CLANG_WARN_RANGE_LOOP_ANALYSIS = YES;
				CLANG_WARN_STRICT_PROTOTYPES = YES;
				CLANG_WARN_SUSPICIOUS_MOVE = YES;
				CLANG_WARN_UNGUARDED_AVAILABILITY = YES_AGGRESSIVE;
				CLANG_WARN_UNREACHABLE_CODE = YES;
				CLANG_WARN__DUPLICATE_METHOD_MATCH = YES;
				CODE_SIGN_IDENTITY = "iPhone Developer";
				COPY_PHASE_STRIP = NO;
				DEBUG_INFORMATION_FORMAT = dwarf;
				ENABLE_STRICT_OBJC_MSGSEND = YES;
				ENABLE_TESTABILITY = YES;
				GCC_C_LANGUAGE_STANDARD = gnu11;
				GCC_DYNAMIC_NO_PIC = NO;
				GCC_NO_COMMON_BLOCKS = YES;
				GCC_OPTIMIZATION_LEVEL = 0;
				GCC_PREPROCESSOR_DEFINITIONS = (
					"DEBUG=1",
					"$(inherited)",
				);
				GCC_WARN_64_TO_32_BIT_CONVERSION = YES;
				GCC_WARN_ABOUT_RETURN_TYPE = YES_ERROR;
				GCC_WARN_UNDECLARED_SELECTOR = YES;
				GCC_WARN_UNINITIALIZED_AUTOS = YES_AGGRESSIVE;
				GCC_WARN_UNUSED_FUNCTION = YES;
				GCC_WARN_UNUSED_VARIABLE = YES;
				IPHONEOS_DEPLOYMENT_TARGET = 12.2;
				MTL_ENABLE_DEBUG_INFO = INCLUDE_SOURCE;
				MTL_FAST_MATH = YES;
				ONLY_ACTIVE_ARCH = YES;
				SDKROOT = iphoneos;
				SWIFT_ACTIVE_COMPILATION_CONDITIONS = DEBUG;
				SWIFT_OPTIMIZATION_LEVEL = "-Onone";
			};
			name = Debug;
		};
		9CE49A5F229F6B9400F733D7 /* Release */ = {
			isa = XCBuildConfiguration;
			buildSettings = {
				ALWAYS_SEARCH_USER_PATHS = NO;
				CLANG_ANALYZER_NONNULL = YES;
				CLANG_ANALYZER_NUMBER_OBJECT_CONVERSION = YES_AGGRESSIVE;
				CLANG_CXX_LANGUAGE_STANDARD = "gnu++14";
				CLANG_CXX_LIBRARY = "libc++";
				CLANG_ENABLE_MODULES = YES;
				CLANG_ENABLE_OBJC_ARC = YES;
				CLANG_ENABLE_OBJC_WEAK = YES;
				CLANG_WARN_BLOCK_CAPTURE_AUTORELEASING = YES;
				CLANG_WARN_BOOL_CONVERSION = YES;
				CLANG_WARN_COMMA = YES;
				CLANG_WARN_CONSTANT_CONVERSION = YES;
				CLANG_WARN_DEPRECATED_OBJC_IMPLEMENTATIONS = YES;
				CLANG_WARN_DIRECT_OBJC_ISA_USAGE = YES_ERROR;
				CLANG_WARN_DOCUMENTATION_COMMENTS = YES;
				CLANG_WARN_EMPTY_BODY = YES;
				CLANG_WARN_ENUM_CONVERSION = YES;
				CLANG_WARN_INFINITE_RECURSION = YES;
				CLANG_WARN_INT_CONVERSION = YES;
				CLANG_WARN_NON_LITERAL_NULL_CONVERSION = YES;
				CLANG_WARN_OBJC_IMPLICIT_RETAIN_SELF = YES;
				CLANG_WARN_OBJC_LITERAL_CONVERSION = YES;
				CLANG_WARN_OBJC_ROOT_CLASS = YES_ERROR;
				CLANG_WARN_RANGE_LOOP_ANALYSIS = YES;
				CLANG_WARN_STRICT_PROTOTYPES = YES;
				CLANG_WARN_SUSPICIOUS_MOVE = YES;
				CLANG_WARN_UNGUARDED_AVAILABILITY = YES_AGGRESSIVE;
				CLANG_WARN_UNREACHABLE_CODE = YES;
				CLANG_WARN__DUPLICATE_METHOD_MATCH = YES;
				CODE_SIGN_IDENTITY = "iPhone Developer";
				COPY_PHASE_STRIP = NO;
				DEBUG_INFORMATION_FORMAT = "dwarf-with-dsym";
				ENABLE_NS_ASSERTIONS = NO;
				ENABLE_STRICT_OBJC_MSGSEND = YES;
				GCC_C_LANGUAGE_STANDARD = gnu11;
				GCC_NO_COMMON_BLOCKS = YES;
				GCC_WARN_64_TO_32_BIT_CONVERSION = YES;
				GCC_WARN_ABOUT_RETURN_TYPE = YES_ERROR;
				GCC_WARN_UNDECLARED_SELECTOR = YES;
				GCC_WARN_UNINITIALIZED_AUTOS = YES_AGGRESSIVE;
				GCC_WARN_UNUSED_FUNCTION = YES;
				GCC_WARN_UNUSED_VARIABLE = YES;
				IPHONEOS_DEPLOYMENT_TARGET = 12.2;
				MTL_ENABLE_DEBUG_INFO = NO;
				MTL_FAST_MATH = YES;
				SDKROOT = iphoneos;
				SWIFT_COMPILATION_MODE = wholemodule;
				SWIFT_OPTIMIZATION_LEVEL = "-O";
				VALIDATE_PRODUCT = YES;
			};
			name = Release;
		};
		9CE49A61229F6B9400F733D7 /* Debug */ = {
			isa = XCBuildConfiguration;
			buildSettings = {
				ASSETCATALOG_COMPILER_APPICON_NAME = AppIcon;
				CODE_SIGN_ENTITLEMENTS = Sourdo/Sourdo.entitlements;
				CODE_SIGN_STYLE = Automatic;
				DEVELOPMENT_TEAM = SV57A2C639;
				INFOPLIST_FILE = Sourdo/Info.plist;
				LD_RUNPATH_SEARCH_PATHS = (
					"$(inherited)",
					"@executable_path/Frameworks",
				);
				PRODUCT_BUNDLE_IDENTIFIER = com.ciauri.stephen.Sourdo;
				PRODUCT_NAME = "$(TARGET_NAME)";
				SWIFT_VERSION = 5.0;
				TARGETED_DEVICE_FAMILY = "1,2";
			};
			name = Debug;
		};
		9CE49A62229F6B9400F733D7 /* Release */ = {
			isa = XCBuildConfiguration;
			buildSettings = {
				ASSETCATALOG_COMPILER_APPICON_NAME = AppIcon;
				CODE_SIGN_ENTITLEMENTS = Sourdo/Sourdo.entitlements;
				CODE_SIGN_STYLE = Automatic;
				DEVELOPMENT_TEAM = SV57A2C639;
				INFOPLIST_FILE = Sourdo/Info.plist;
				LD_RUNPATH_SEARCH_PATHS = (
					"$(inherited)",
					"@executable_path/Frameworks",
				);
				PRODUCT_BUNDLE_IDENTIFIER = com.ciauri.stephen.Sourdo;
				PRODUCT_NAME = "$(TARGET_NAME)";
				SWIFT_VERSION = 5.0;
				TARGETED_DEVICE_FAMILY = "1,2";
			};
			name = Release;
		};
/* End XCBuildConfiguration section */

/* Begin XCConfigurationList section */
		9CE49A49229F6B9400F733D7 /* Build configuration list for PBXProject "Sourdo" */ = {
			isa = XCConfigurationList;
			buildConfigurations = (
				9CE49A5E229F6B9400F733D7 /* Debug */,
				9CE49A5F229F6B9400F733D7 /* Release */,
			);
			defaultConfigurationIsVisible = 0;
			defaultConfigurationName = Release;
		};
		9CE49A60229F6B9400F733D7 /* Build configuration list for PBXNativeTarget "Sourdo" */ = {
			isa = XCConfigurationList;
			buildConfigurations = (
				9CE49A61229F6B9400F733D7 /* Debug */,
				9CE49A62229F6B9400F733D7 /* Release */,
			);
			defaultConfigurationIsVisible = 0;
			defaultConfigurationName = Release;
		};
/* End XCConfigurationList section */
	};
	rootObject = 9CE49A46229F6B9400F733D7 /* Project object */;
}
